
Microsoft Visual Studio Solution File, Format Version 12.00
# Visual Studio Version 17
VisualStudioVersion = 17.3.32825.248
MinimumVisualStudioVersion = 10.0.40219.1
Project("{9A19103F-16F7-4668-BE54-9A1E7A4F7556}") = "cloudreve调用", "cloudreve调用\cloudreve调用.csproj", "{9709FDD1-4A50-4949-B6EC-9451E8CFB60E}"
EndProject
Project("{2150E333-8FDC-42A3-9474-1A3956D46DE8}") = "Solution Items", "Solution Items", "{C53E873D-41F0-4632-9D1B-2DE551D437E5}"
	ProjectSection(SolutionItems) = preProject
		.editorconfig = .editorconfig
	EndProjectSection
EndProject
Global
	GlobalSection(SolutionConfigurationPlatforms) = preSolution
		Debug|Any CPU = Debug|Any CPU
		Release|Any CPU = Release|Any CPU
	EndGlobalSection
	GlobalSection(ProjectConfigurationPlatforms) = postSolution
		{9709FDD1-4A50-4949-B6EC-9451E8CFB60E}.Debug|Any CPU.ActiveCfg = Debug|Any CPU
		{9709FDD1-4A50-4949-B6EC-9451E8CFB60E}.Debug|Any CPU.Build.0 = Debug|Any CPU
		{9709FDD1-4A50-4949-B6EC-9451E8CFB60E}.Release|Any CPU.ActiveCfg = Release|Any CPU
		{9709FDD1-4A50-4949-B6EC-9451E8CFB60E}.Release|Any CPU.Build.0 = Release|Any CPU
	EndGlobalSection
	GlobalSection(SolutionProperties) = preSolution
		HideSolutionNode = FALSE
	EndGlobalSection
	GlobalSection(ExtensibilityGlobals) = postSolution
		SolutionGuid = {981055A5-8F3C-434F-AF86-F2FE6727647F}
	EndGlobalSection
EndGlobal
